<?xml version="1.0" encoding="utf-8"?>
<Project ToolsVersion="4.0" xmlns="http://schemas.microsoft.com/developer/msbuild/2003">
  <ItemGroup>
    <Filter Include="源文件">
      <UniqueIdentifier>{4FC737F1-C7A5-4376-A066-2A32D752A2FF}</UniqueIdentifier>
      <Extensions>cpp;c;cc;cxx;def;odl;idl;hpj;bat;asm;asmx</Extensions>
    </Filter>
    <Filter Include="头文件">
      <UniqueIdentifier>{93995380-89BD-4b04-88EB-625FBE52EBFB}</UniqueIdentifier>
      <Extensions>h;hh;hpp;hxx;hm;inl;inc;ipp;xsd</Extensions>
    </Filter>
    <Filter Include="资源文件">
      <UniqueIdentifier>{67DA6AB6-F800-4c08-8B7A-83BB121AAD01}</UniqueIdentifier>
      <Extensions>rc;ico;cur;bmp;dlg;rc2;rct;bin;rgs;gif;jpg;jpeg;jpe;resx;tiff;tif;png;wav;mfcribbon-ms</Extensions>
    </Filter>
    <Filter Include="Dependencies">
      <UniqueIdentifier>{031671a2-96b1-4ab9-9b8c-cc694507059d}</UniqueIdentifier>
    </Filter>
    <Filter Include="Util">
      <UniqueIdentifier>{15351ec8-653c-4567-9300-cec718657a0c}</UniqueIdentifier>
    </Filter>
    <Filter Include="FileManager">
      <UniqueIdentifier>{2ae61982-dd43-4fbe-a35e-f48107ec19b3}</UniqueIdentifier>
    </Filter>
    <Filter Include="DiskOperator">
      <UniqueIdentifier>{34cbbdc4-1f28-4b47-8b18-c198fc5e2117}</UniqueIdentifier>
    </Filter>
    <Filter Include="ProgramUpdate">
      <UniqueIdentifier>{16b4599d-9fc3-4006-b79d-2ba63ca62671}</UniqueIdentifier>
    </Filter>
    <Filter Include="DataManager">
      <UniqueIdentifier>{c112e3b0-f486-46a7-b0a1-ff4ab4a127ed}</UniqueIdentifier>
    </Filter>
    <Filter Include="Encryption">
      <UniqueIdentifier>{0b9c8676-f66e-4cbd-82a2-9aa4ef8bdabc}</UniqueIdentifier>
    </Filter>
    <Filter Include="ComputerMonitor">
      <UniqueIdentifier>{32c60560-8a33-42c6-a559-e69a84ebe643}</UniqueIdentifier>
    </Filter>
    <Filter Include="Plugin">
      <UniqueIdentifier>{e07099ae-1b69-4132-846c-e78c798988f1}</UniqueIdentifier>
    </Filter>
  </ItemGroup>
  <ItemGroup>
    <ClInclude Include="framework.h">
      <Filter>头文件</Filter>
    </ClInclude>
    <ClInclude Include="targetver.h">
      <Filter>头文件</Filter>
    </ClInclude>
    <ClInclude Include="Resource.h">
      <Filter>头文件</Filter>
    </ClInclude>
    <ClInclude Include="CSpy++.h">
      <Filter>头文件</Filter>
    </ClInclude>
    <ClInclude Include="general.h">
      <Filter>头文件</Filter>
    </ClInclude>
    <ClInclude Include="Version.h">
      <Filter>头文件</Filter>
    </ClInclude>
    <ClInclude Include="LogSupport.h">
      <Filter>Dependencies</Filter>
    </ClInclude>
    <ClInclude Include="JsonExt.h">
      <Filter>Dependencies</Filter>
    </ClInclude>
    <ClInclude Include="Hash.h">
      <Filter>Util</Filter>
    </ClInclude>
    <ClInclude Include="Hasher.h">
      <Filter>Util</Filter>
    </ClInclude>
    <ClInclude Include="StringExt.h">
      <Filter>Util</Filter>
    </ClInclude>
    <ClInclude Include="Node.h">
      <Filter>FileManager</Filter>
    </ClInclude>
    <ClInclude Include="filemanager.h">
      <Filter>FileManager</Filter>
    </ClInclude>
    <ClInclude Include="File.h">
      <Filter>FileManager</Filter>
    </ClInclude>
    <ClInclude Include="Directory.h">
      <Filter>FileManager</Filter>
    </ClInclude>
    <ClInclude Include="USBDevice.h">
      <Filter>DiskOperator</Filter>
    </ClInclude>
    <ClInclude Include="Volume.h">
      <Filter>DiskOperator</Filter>
    </ClInclude>
    <ClInclude Include="Time.h">
      <Filter>Util</Filter>
    </ClInclude>
    <ClInclude Include="VolumeDirectory.h">
      <Filter>FileManager</Filter>
    </ClInclude>
    <ClInclude Include="USBDirectory.h">
      <Filter>FileManager</Filter>
    </ClInclude>
    <ClInclude Include="ProgramUpdate.h">
      <Filter>ProgramUpdate</Filter>
    </ClInclude>
    <ClInclude Include="FileLister.h">
      <Filter>DiskOperator</Filter>
    </ClInclude>
    <ClInclude Include="FileList.h">
      <Filter>DataManager</Filter>
    </ClInclude>
    <ClInclude Include="LicenseReader.h">
      <Filter>DataManager</Filter>
    </ClInclude>
    <ClInclude Include="RSAKey.h">
      <Filter>Encryption</Filter>
    </ClInclude>
    <ClInclude Include="basic_form.h">
      <Filter>头文件</Filter>
    </ClInclude>
    <ClInclude Include="MainThread.h">
      <Filter>头文件</Filter>
    </ClInclude>
    <ClInclude Include="CPUID.h">
      <Filter>ComputerMonitor</Filter>
    </ClInclude>
    <ClInclude Include="SystemVersion.h">
      <Filter>ComputerMonitor</Filter>
    </ClInclude>
    <ClInclude Include="GuidExt.h">
      <Filter>Util</Filter>
    </ClInclude>
    <ClInclude Include="Plugin.h">
      <Filter>Plugin</Filter>
    </ClInclude>
  </ItemGroup>
  <ItemGroup>
    <ClCompile Include="CSpy++.cpp">
      <Filter>源文件</Filter>
    </ClCompile>
    <ClCompile Include="Initialization.cpp">
      <Filter>源文件</Filter>
    </ClCompile>
    <ClCompile Include="Version.cpp">
      <Filter>源文件</Filter>
    </ClCompile>
    <ClCompile Include="Constants.cpp">
      <Filter>源文件</Filter>
    </ClCompile>
    <ClCompile Include="JsonExt.cpp">
      <Filter>Dependencies</Filter>
    </ClCompile>
    <ClCompile Include="Dependency.cpp">
      <Filter>Dependencies</Filter>
    </ClCompile>
    <ClCompile Include="StringExt.cpp">
      <Filter>Util</Filter>
    </ClCompile>
    <ClCompile Include="Hash.cpp">
      <Filter>Util</Filter>
    </ClCompile>
    <ClCompile Include="Hasher.cpp">
      <Filter>Util</Filter>
    </ClCompile>
    <ClCompile Include="Node.cpp">
      <Filter>FileManager</Filter>
    </ClCompile>
    <ClCompile Include="File.cpp">
      <Filter>FileManager</Filter>
    </ClCompile>
    <ClCompile Include="Directory.cpp">
      <Filter>FileManager</Filter>
    </ClCompile>
    <ClCompile Include="USBDevice.cpp">
      <Filter>DiskOperator</Filter>
    </ClCompile>
    <ClCompile Include="Volume.cpp">
      <Filter>DiskOperator</Filter>
    </ClCompile>
    <ClCompile Include="Time.cpp">
      <Filter>Util</Filter>
    </ClCompile>
    <ClCompile Include="VolumeDirectory.cpp">
      <Filter>FileManager</Filter>
    </ClCompile>
    <ClCompile Include="USBDirectory.cpp">
      <Filter>FileManager</Filter>
    </ClCompile>
    <ClCompile Include="ProgramUpdate.cpp">
      <Filter>ProgramUpdate</Filter>
    </ClCompile>
    <ClCompile Include="FileLister.cpp">
      <Filter>DiskOperator</Filter>
    </ClCompile>
    <ClCompile Include="FileList.cpp">
      <Filter>DataManager</Filter>
    </ClCompile>
    <ClCompile Include="LicenseReader.cpp">
      <Filter>DataManager</Filter>
    </ClCompile>
    <ClCompile Include="RSAKey.cpp">
      <Filter>Encryption</Filter>
    </ClCompile>
    <ClCompile Include="basic_form.cpp">
      <Filter>源文件</Filter>
    </ClCompile>
    <ClCompile Include="CPUID.cpp">
      <Filter>ComputerMonitor</Filter>
    </ClCompile>
    <ClCompile Include="SystemVersion.cpp">
      <Filter>ComputerMonitor</Filter>
    </ClCompile>
    <ClCompile Include="GuidExt.cpp">
      <Filter>Util</Filter>
    </ClCompile>
    <ClCompile Include="Plugin.cpp">
      <Filter>Plugin</Filter>
    </ClCompile>
  </ItemGroup>
  <ItemGroup>
    <ResourceCompile Include="CSpy++.rc">
      <Filter>资源文件</Filter>
    </ResourceCompile>
  </ItemGroup>
  <ItemGroup>
    <Image Include="small.ico">
      <Filter>资源文件</Filter>
    </Image>
    <Image Include="CSpy++.ico">
      <Filter>资源文件</Filter>
    </Image>
  </ItemGroup>
  <ItemGroup>
    <Text Include="copy_zlib.txt">
      <Filter>资源文件</Filter>
    </Text>
    <Text Include="copying_curl.txt">
      <Filter>资源文件</Filter>
    </Text>
    <Text Include="copying_libssh2.txt">
      <Filter>资源文件</Filter>
    </Text>
    <Text Include="copying_openssl.txt">
      <Filter>资源文件</Filter>
    </Text>
    <Text Include="cspypp_copying.txt">
      <Filter>资源文件</Filter>
    </Text>
    <Text Include="jsoncpp_copying.txt">
      <Filter>资源文件</Filter>
    </Text>
    <Text Include="log4cplus_copying.txt">
      <Filter>资源文件</Filter>
    </Text>
  </ItemGroup>
</Project>